// !$*UTF8*$!
{
	archiveVersion = 1;
	classes = {
	};
	objectVersion = 56;
	objects = {

/* Begin PBXBuildFile section */
		5D1860932BCEFC45009E4B94 /* TableViewController.swift in Sources */ = {isa = PBXBuildFile; fileRef = 5D1860922BCEFC45009E4B94 /* TableViewController.swift */; };
		5D9238C82BBC793800128A39 /* AppDelegate.swift in Sources */ = {isa = PBXBuildFile; fileRef = 5D9238C72BBC793800128A39 /* AppDelegate.swift */; };
		5D9238CA2BBC793800128A39 /* SceneDelegate.swift in Sources */ = {isa = PBXBuildFile; fileRef = 5D9238C92BBC793800128A39 /* SceneDelegate.swift */; };
		5D9238CC2BBC793800128A39 /* ViewController.swift in Sources */ = {isa = PBXBuildFile; fileRef = 5D9238CB2BBC793800128A39 /* ViewController.swift */; };
		5D9238CF2BBC793800128A39 /* Main.storyboard in Resources */ = {isa = PBXBuildFile; fileRef = 5D9238CD2BBC793800128A39 /* Main.storyboard */; };
		5D9238D12BBC793F00128A39 /* Assets.xcassets in Resources */ = {isa = PBXBuildFile; fileRef = 5D9238D02BBC793F00128A39 /* Assets.xcassets */; };
		5D9238D42BBC793F00128A39 /* LaunchScreen.storyboard in Resources */ = {isa = PBXBuildFile; fileRef = 5D9238D22BBC793F00128A39 /* LaunchScreen.storyboard */; };
		5D9238DC2BBC7B9500128A39 /* GoogleService-Info.plist in Resources */ = {isa = PBXBuildFile; fileRef = 5D9238DB2BBC7B9500128A39 /* GoogleService-Info.plist */; };
		5D92391E2BBC7F0000128A39 /* RegisterViewController.swift in Sources */ = {isa = PBXBuildFile; fileRef = 5D92391D2BBC7F0000128A39 /* RegisterViewController.swift */; };
		5D9239222BBC846100128A39 /* UploadViewController.swift in Sources */ = {isa = PBXBuildFile; fileRef = 5D9239212BBC846100128A39 /* UploadViewController.swift */; };
		5D9239242BBC847800128A39 /* SettingViewController.swift in Sources */ = {isa = PBXBuildFile; fileRef = 5D9239232BBC847800128A39 /* SettingViewController.swift */; };
		5D9239262BBC8C6100128A39 /* LoginViewController.swift in Sources */ = {isa = PBXBuildFile; fileRef = 5D9239252BBC8C6100128A39 /* LoginViewController.swift */; };
		5D92392A2BBC973200128A39 /* AuthViewController.swift in Sources */ = {isa = PBXBuildFile; fileRef = 5D9239292BBC973200128A39 /* AuthViewController.swift */; };
		5D9239682BC5B60F00128A39 /* FirebaseAuth in Frameworks */ = {isa = PBXBuildFile; productRef = 5D9239672BC5B60F00128A39 /* FirebaseAuth */; };
		5D92396A2BC5B61900128A39 /* FirebaseAnalytics in Frameworks */ = {isa = PBXBuildFile; productRef = 5D9239692BC5B61900128A39 /* FirebaseAnalytics */; };
		5D92396C2BC5B62300128A39 /* FirebaseStorage in Frameworks */ = {isa = PBXBuildFile; productRef = 5D92396B2BC5B62300128A39 /* FirebaseStorage */; };
		5D92396E2BC5B63300128A39 /* FirebaseFirestore in Frameworks */ = {isa = PBXBuildFile; productRef = 5D92396D2BC5B63300128A39 /* FirebaseFirestore */; };
/* End PBXBuildFile section */

/* Begin PBXFileReference section */
		5D1860922BCEFC45009E4B94 /* TableViewController.swift */ = {isa = PBXFileReference; lastKnownFileType = sourcecode.swift; path = TableViewController.swift; sourceTree = "<group>"; };
		5D9238C42BBC793800128A39 /* FinalProject2312873.app */ = {isa = PBXFileReference; explicitFileType = wrapper.application; includeInIndex = 0; path = FinalProject2312873.app; sourceTree = BUILT_PRODUCTS_DIR; };
		5D9238C72BBC793800128A39 /* AppDelegate.swift */ = {isa = PBXFileReference; lastKnownFileType = sourcecode.swift; path = AppDelegate.swift; sourceTree = "<group>"; };
		5D9238C92BBC793800128A39 /* SceneDelegate.swift */ = {isa = PBXFileReference; lastKnownFileType = sourcecode.swift; path = SceneDelegate.swift; sourceTree = "<group>"; };
		5D9238CB2BBC793800128A39 /* ViewController.swift */ = {isa = PBXFileReference; lastKnownFileType = sourcecode.swift; path = ViewController.swift; sourceTree = "<group>"; };
		5D9238CE2BBC793800128A39 /* Base */ = {isa = PBXFileReference; lastKnownFileType = file.storyboard; name = Base; path = Base.lproj/Main.storyboard; sourceTree = "<group>"; };
		5D9238D02BBC793F00128A39 /* Assets.xcassets */ = {isa = PBXFileReference; lastKnownFileType = folder.assetcatalog; path = Assets.xcassets; sourceTree = "<group>"; };
		5D9238D32BBC793F00128A39 /* Base */ = {isa = PBXFileReference; lastKnownFileType = file.storyboard; name = Base; path = Base.lproj/LaunchScreen.storyboard; sourceTree = "<group>"; };
		5D9238D52BBC793F00128A39 /* Info.plist */ = {isa = PBXFileReference; lastKnownFileType = text.plist.xml; path = Info.plist; sourceTree = "<group>"; };
		5D9238DB2BBC7B9500128A39 /* GoogleService-Info.plist */ = {isa = PBXFileReference; fileEncoding = 4; lastKnownFileType = text.plist.xml; name = "GoogleService-Info.plist"; path = "../../../../Downloads/GoogleService-Info.plist"; sourceTree = "<group>"; };
		5D92391D2BBC7F0000128A39 /* RegisterViewController.swift */ = {isa = PBXFileReference; lastKnownFileType = sourcecode.swift; path = RegisterViewController.swift; sourceTree = "<group>"; };
		5D9239212BBC846100128A39 /* UploadViewController.swift */ = {isa = PBXFileReference; lastKnownFileType = sourcecode.swift; path = UploadViewController.swift; sourceTree = "<group>"; };
		5D9239232BBC847800128A39 /* SettingViewController.swift */ = {isa = PBXFileReference; lastKnownFileType = sourcecode.swift; path = SettingViewController.swift; sourceTree = "<group>"; };
		5D9239252BBC8C6100128A39 /* LoginViewController.swift */ = {isa = PBXFileReference; lastKnownFileType = sourcecode.swift; path = LoginViewController.swift; sourceTree = "<group>"; };
		5D9239292BBC973200128A39 /* AuthViewController.swift */ = {isa = PBXFileReference; lastKnownFileType = sourcecode.swift; path = AuthViewController.swift; sourceTree = "<group>"; };
/* End PBXFileReference section */

/* Begin PBXFrameworksBuildPhase section */
		5D9238C12BBC793800128A39 /* Frameworks */ = {
			isa = PBXFrameworksBuildPhase;
			buildActionMask = 2147483647;
			files = (
				5D92396A2BC5B61900128A39 /* FirebaseAnalytics in Frameworks */,
				5D92396E2BC5B63300128A39 /* FirebaseFirestore in Frameworks */,
				5D9239682BC5B60F00128A39 /* FirebaseAuth in Frameworks */,
				5D92396C2BC5B62300128A39 /* FirebaseStorage in Frameworks */,
			);
			runOnlyForDeploymentPostprocessing = 0;
		};
/* End PBXFrameworksBuildPhase section */

/* Begin PBXGroup section */
		5D9238BB2BBC793800128A39 = {
			isa = PBXGroup;
			children = (
				5D9238C62BBC793800128A39 /* FinalProject2312873 */,
				5D9238C52BBC793800128A39 /* Products */,
				5D9239662BC5B60F00128A39 /* Frameworks */,
			);
			sourceTree = "<group>";
		};
		5D9238C52BBC793800128A39 /* Products */ = {
			isa = PBXGroup;
			children = (
				5D9238C42BBC793800128A39 /* FinalProject2312873.app */,
			);
			name = Products;
			sourceTree = "<group>";
		};
		5D9238C62BBC793800128A39 /* FinalProject2312873 */ = {
			isa = PBXGroup;
			children = (
				5D9238C72BBC793800128A39 /* AppDelegate.swift */,
				5D9238C92BBC793800128A39 /* SceneDelegate.swift */,
				5D9238CB2BBC793800128A39 /* ViewController.swift */,
				5D9238CD2BBC793800128A39 /* Main.storyboard */,
				5D9239292BBC973200128A39 /* AuthViewController.swift */,
				5D9239252BBC8C6100128A39 /* LoginViewController.swift */,
				5D9239232BBC847800128A39 /* SettingViewController.swift */,
				5D9239212BBC846100128A39 /* UploadViewController.swift */,
				5D1860922BCEFC45009E4B94 /* TableViewController.swift */,
				5D92391D2BBC7F0000128A39 /* RegisterViewController.swift */,
				5D9238D02BBC793F00128A39 /* Assets.xcassets */,
				5D9238D22BBC793F00128A39 /* LaunchScreen.storyboard */,
				5D9238D52BBC793F00128A39 /* Info.plist */,
				5D9238DB2BBC7B9500128A39 /* GoogleService-Info.plist */,
			);
			path = FinalProject2312873;
			sourceTree = "<group>";
		};
		5D9239662BC5B60F00128A39 /* Frameworks */ = {
			isa = PBXGroup;
			children = (
			);
			name = Frameworks;
			sourceTree = "<group>";
		};
/* End PBXGroup section */

/* Begin PBXNativeTarget section */
		5D9238C32BBC793800128A39 /* FinalProject2312873 */ = {
			isa = PBXNativeTarget;
			buildConfigurationList = 5D9238D82BBC793F00128A39 /* Build configuration list for PBXNativeTarget "FinalProject2312873" */;
			buildPhases = (
				5D9238C02BBC793800128A39 /* Sources */,
				5D9238C12BBC793800128A39 /* Frameworks */,
				5D9238C22BBC793800128A39 /* Resources */,
			);
			buildRules = (
			);
			dependencies = (
			);
			name = FinalProject2312873;
			packageProductDependencies = (
				5D9239672BC5B60F00128A39 /* FirebaseAuth */,
				5D9239692BC5B61900128A39 /* FirebaseAnalytics */,
				5D92396B2BC5B62300128A39 /* FirebaseStorage */,
				5D92396D2BC5B63300128A39 /* FirebaseFirestore */,
			);
			productName = FinalProject2312873;
			productReference = 5D9238C42BBC793800128A39 /* FinalProject2312873.app */;
			productType = "com.apple.product-type.application";
		};
/* End PBXNativeTarget section */

/* Begin PBXProject section */
		5D9238BC2BBC793800128A39 /* Project object */ = {
			isa = PBXProject;
			attributes = {
				BuildIndependentTargetsInParallel = 1;
				LastSwiftUpdateCheck = 1430;
				LastUpgradeCheck = 1430;
				TargetAttributes = {
					5D9238C32BBC793800128A39 = {
						CreatedOnToolsVersion = 14.3;
					};
				};
			};
			buildConfigurationList = 5D9238BF2BBC793800128A39 /* Build configuration list for PBXProject "FinalProject2312873" */;
			compatibilityVersion = "Xcode 14.0";
			developmentRegion = en;
			hasScannedForEncodings = 0;
			knownRegions = (
				en,
				Base,
			);
			mainGroup = 5D9238BB2BBC793800128A39;
			packageReferences = (
				5D9239652BC5B5D800128A39 /* XCRemoteSwiftPackageReference "firebase-ios-sdk" */,
			);
			productRefGroup = 5D9238C52BBC793800128A39 /* Products */;
			projectDirPath = "";
			projectRoot = "";
			targets = (
				5D9238C32BBC793800128A39 /* FinalProject2312873 */,
			);
		};
/* End PBXProject section */

/* Begin PBXResourcesBuildPhase section */
		5D9238C22BBC793800128A39 /* Resources */ = {
			isa = PBXResourcesBuildPhase;
			buildActionMask = 2147483647;
			files = (
				5D9238D42BBC793F00128A39 /* LaunchScreen.storyboard in Resources */,
				5D9238DC2BBC7B9500128A39 /* GoogleService-Info.plist in Resources */,
				5D9238D12BBC793F00128A39 /* Assets.xcassets in Resources */,
				5D9238CF2BBC793800128A39 /* Main.storyboard in Resources */,
			);
			runOnlyForDeploymentPostprocessing = 0;
		};
/* End PBXResourcesBuildPhase section */

/* Begin PBXSourcesBuildPhase section */
		5D9238C02BBC793800128A39 /* Sources */ = {
			isa = PBXSourcesBuildPhase;
			buildActionMask = 2147483647;
			files = (
				5D9239222BBC846100128A39 /* UploadViewController.swift in Sources */,
				5D9238CC2BBC793800128A39 /* ViewController.swift in Sources */,
				5D9238C82BBC793800128A39 /* AppDelegate.swift in Sources */,
				5D9239262BBC8C6100128A39 /* LoginViewController.swift in Sources */,
				5D1860932BCEFC45009E4B94 /* TableViewController.swift in Sources */,
				5D9238CA2BBC793800128A39 /* SceneDelegate.swift in Sources */,
				5D9239242BBC847800128A39 /* SettingViewController.swift in Sources */,
				5D92392A2BBC973200128A39 /* AuthViewController.swift in Sources */,
				5D92391E2BBC7F0000128A39 /* RegisterViewController.swift in Sources */,
			);
			runOnlyForDeploymentPostprocessing = 0;
		};
/* End PBXSourcesBuildPhase section */

/* Begin PBXVariantGroup section */
		5D9238CD2BBC793800128A39 /* Main.storyboard */ = {
			isa = PBXVariantGroup;
			children = (
				5D9238CE2BBC793800128A39 /* Base */,
			);
			name = Main.storyboard;
			sourceTree = "<group>";
		};
		5D9238D22BBC793F00128A39 /* LaunchScreen.storyboard */ = {
			isa = PBXVariantGroup;
			children = (
				5D9238D32BBC793F00128A39 /* Base */,
			);
			name = LaunchScreen.storyboard;
			sourceTree = "<group>";
		};
/* End PBXVariantGroup section */

/* Begin XCBuildConfiguration section */
		5D9238D62BBC793F00128A39 /* Debug */ = {
			isa = XCBuildConfiguration;
			buildSettings = {
				ALWAYS_SEARCH_USER_PATHS = NO;
				CLANG_ANALYZER_NONNULL = YES;
				CLANG_ANALYZER_NUMBER_OBJECT_CONVERSION = YES_AGGRESSIVE;
				CLANG_CXX_LANGUAGE_STANDARD = "gnu++20";
				CLANG_ENABLE_MODULES = YES;
				CLANG_ENABLE_OBJC_ARC = YES;
				CLANG_ENABLE_OBJC_WEAK = YES;
				CLANG_WARN_BLOCK_CAPTURE_AUTORELEASING = YES;
				CLANG_WARN_BOOL_CONVERSION = YES;
				CLANG_WARN_COMMA = YES;
				CLANG_WARN_CONSTANT_CONVERSION = YES;
				CLANG_WARN_DEPRECATED_OBJC_IMPLEMENTATIONS = YES;
				CLANG_WARN_DIRECT_OBJC_ISA_USAGE = YES_ERROR;
				CLANG_WARN_DOCUMENTATION_COMMENTS = YES;
				CLANG_WARN_EMPTY_BODY = YES;
				CLANG_WARN_ENUM_CONVERSION = YES;
				CLANG_WARN_INFINITE_RECURSION = YES;
				CLANG_WARN_INT_CONVERSION = YES;
				CLANG_WARN_NON_LITERAL_NULL_CONVERSION = YES;
				CLANG_WARN_OBJC_IMPLICIT_RETAIN_SELF = YES;
				CLANG_WARN_OBJC_LITERAL_CONVERSION = YES;
				CLANG_WARN_OBJC_ROOT_CLASS = YES_ERROR;
				CLANG_WARN_QUOTED_INCLUDE_IN_FRAMEWORK_HEADER = YES;
				CLANG_WARN_RANGE_LOOP_ANALYSIS = YES;
				CLANG_WARN_STRICT_PROTOTYPES = YES;
				CLANG_WARN_SUSPICIOUS_MOVE = YES;
				CLANG_WARN_UNGUARDED_AVAILABILITY = YES_AGGRESSIVE;
				CLANG_WARN_UNREACHABLE_CODE = YES;
				CLANG_WARN__DUPLICATE_METHOD_MATCH = YES;
				COPY_PHASE_STRIP = NO;
				DEBUG_INFORMATION_FORMAT = dwarf;
				ENABLE_STRICT_OBJC_MSGSEND = YES;
				ENABLE_TESTABILITY = YES;
				GCC_C_LANGUAGE_STANDARD = gnu11;
				GCC_DYNAMIC_NO_PIC = NO;
				GCC_NO_COMMON_BLOCKS = YES;
				GCC_OPTIMIZATION_LEVEL = 0;
				GCC_PREPROCESSOR_DEFINITIONS = (
					"DEBUG=1",
					"$(inherited)",
				);
				GCC_WARN_64_TO_32_BIT_CONVERSION = YES;
				GCC_WARN_ABOUT_RETURN_TYPE = YES_ERROR;
				GCC_WARN_UNDECLARED_SELECTOR = YES;
				GCC_WARN_UNINITIALIZED_AUTOS = YES_AGGRESSIVE;
				GCC_WARN_UNUSED_FUNCTION = YES;
				GCC_WARN_UNUSED_VARIABLE = YES;
				IPHONEOS_DEPLOYMENT_TARGET = 16.4;
				MTL_ENABLE_DEBUG_INFO = INCLUDE_SOURCE;
				MTL_FAST_MATH = YES;
				ONLY_ACTIVE_ARCH = YES;
				SDKROOT = iphoneos;
				SWIFT_ACTIVE_COMPILATION_CONDITIONS = DEBUG;
				SWIFT_OPTIMIZATION_LEVEL = "-Onone";
			};
			name = Debug;
		};
		5D9238D72BBC793F00128A39 /* Release */ = {
			isa = XCBuildConfiguration;
			buildSettings = {
				ALWAYS_SEARCH_USER_PATHS = NO;
				CLANG_ANALYZER_NONNULL = YES;
				CLANG_ANALYZER_NUMBER_OBJECT_CONVERSION = YES_AGGRESSIVE;
				CLANG_CXX_LANGUAGE_STANDARD = "gnu++20";
				CLANG_ENABLE_MODULES = YES;
				CLANG_ENABLE_OBJC_ARC = YES;
				CLANG_ENABLE_OBJC_WEAK = YES;
				CLANG_WARN_BLOCK_CAPTURE_AUTORELEASING = YES;
				CLANG_WARN_BOOL_CONVERSION = YES;
				CLANG_WARN_COMMA = YES;
				CLANG_WARN_CONSTANT_CONVERSION = YES;
				CLANG_WARN_DEPRECATED_OBJC_IMPLEMENTATIONS = YES;
				CLANG_WARN_DIRECT_OBJC_ISA_USAGE = YES_ERROR;
				CLANG_WARN_DOCUMENTATION_COMMENTS = YES;
				CLANG_WARN_EMPTY_BODY = YES;
				CLANG_WARN_ENUM_CONVERSION = YES;
				CLANG_WARN_INFINITE_RECURSION = YES;
				CLANG_WARN_INT_CONVERSION = YES;
				CLANG_WARN_NON_LITERAL_NULL_CONVERSION = YES;
				CLANG_WARN_OBJC_IMPLICIT_RETAIN_SELF = YES;
				CLANG_WARN_OBJC_LITERAL_CONVERSION = YES;
				CLANG_WARN_OBJC_ROOT_CLASS = YES_ERROR;
				CLANG_WARN_QUOTED_INCLUDE_IN_FRAMEWORK_HEADER = YES;
				CLANG_WARN_RANGE_LOOP_ANALYSIS = YES;
				CLANG_WARN_STRICT_PROTOTYPES = YES;
				CLANG_WARN_SUSPICIOUS_MOVE = YES;
				CLANG_WARN_UNGUARDED_AVAILABILITY = YES_AGGRESSIVE;
				CLANG_WARN_UNREACHABLE_CODE = YES;
				CLANG_WARN__DUPLICATE_METHOD_MATCH = YES;
				COPY_PHASE_STRIP = NO;
				DEBUG_INFORMATION_FORMAT = "dwarf-with-dsym";
				ENABLE_NS_ASSERTIONS = NO;
				ENABLE_STRICT_OBJC_MSGSEND = YES;
				GCC_C_LANGUAGE_STANDARD = gnu11;
				GCC_NO_COMMON_BLOCKS = YES;
				GCC_WARN_64_TO_32_BIT_CONVERSION = YES;
				GCC_WARN_ABOUT_RETURN_TYPE = YES_ERROR;
				GCC_WARN_UNDECLARED_SELECTOR = YES;
				GCC_WARN_UNINITIALIZED_AUTOS = YES_AGGRESSIVE;
				GCC_WARN_UNUSED_FUNCTION = YES;
				GCC_WARN_UNUSED_VARIABLE = YES;
				IPHONEOS_DEPLOYMENT_TARGET = 16.4;
				MTL_ENABLE_DEBUG_INFO = NO;
				MTL_FAST_MATH = YES;
				SDKROOT = iphoneos;
				SWIFT_COMPILATION_MODE = wholemodule;
				SWIFT_OPTIMIZATION_LEVEL = "-O";
				VALIDATE_PRODUCT = YES;
			};
			name = Release;
		};
		5D9238D92BBC793F00128A39 /* Debug */ = {
			isa = XCBuildConfiguration;
			buildSettings = {
				ASSETCATALOG_COMPILER_APPICON_NAME = AppIcon;
				ASSETCATALOG_COMPILER_GLOBAL_ACCENT_COLOR_NAME = AccentColor;
				CODE_SIGN_STYLE = Automatic;
				CURRENT_PROJECT_VERSION = 1;
				GENERATE_INFOPLIST_FILE = YES;
				INFOPLIST_FILE = FinalProject2312873/Info.plist;
				INFOPLIST_KEY_UIApplicationSupportsIndirectInputEvents = YES;
				INFOPLIST_KEY_UILaunchStoryboardName = LaunchScreen;
				INFOPLIST_KEY_UIMainStoryboardFile = Main;
				INFOPLIST_KEY_UISupportedInterfaceOrientations_iPad = "UIInterfaceOrientationPortrait UIInterfaceOrientationPortraitUpsideDown UIInterfaceOrientationLandscapeLeft UIInterfaceOrientationLandscapeRight";
				INFOPLIST_KEY_UISupportedInterfaceOrientations_iPhone = "UIInterfaceOrientationPortrait UIInterfaceOrientationLandscapeLeft UIInterfaceOrientationLandscapeRight";
				LD_RUNPATH_SEARCH_PATHS = (
					"$(inherited)",
					"@executable_path/Frameworks",
				);
				MARKETING_VERSION = 1.0;
				PRODUCT_BUNDLE_IDENTIFIER = Shelly.FinalProject2312873;
				PRODUCT_NAME = "$(TARGET_NAME)";
				SWIFT_EMIT_LOC_STRINGS = YES;
				SWIFT_VERSION = 5.0;
				TARGETED_DEVICE_FAMILY = "1,2";
			};
			name = Debug;
		};
		5D9238DA2BBC793F00128A39 /* Release */ = {
			isa = XCBuildConfiguration;
			buildSettings = {
				ASSETCATALOG_COMPILER_APPICON_NAME = AppIcon;
				ASSETCATALOG_COMPILER_GLOBAL_ACCENT_COLOR_NAME = AccentColor;
				CODE_SIGN_STYLE = Automatic;
				CURRENT_PROJECT_VERSION = 1;
				GENERATE_INFOPLIST_FILE = YES;
				INFOPLIST_FILE = FinalProject2312873/Info.plist;
				INFOPLIST_KEY_UIApplicationSupportsIndirectInputEvents = YES;
				INFOPLIST_KEY_UILaunchStoryboardName = LaunchScreen;
				INFOPLIST_KEY_UIMainStoryboardFile = Main;
				INFOPLIST_KEY_UISupportedInterfaceOrientations_iPad = "UIInterfaceOrientationPortrait UIInterfaceOrientationPortraitUpsideDown UIInterfaceOrientationLandscapeLeft UIInterfaceOrientationLandscapeRight";
				INFOPLIST_KEY_UISupportedInterfaceOrientations_iPhone = "UIInterfaceOrientationPortrait UIInterfaceOrientationLandscapeLeft UIInterfaceOrientationLandscapeRight";
				LD_RUNPATH_SEARCH_PATHS = (
					"$(inherited)",
					"@executable_path/Frameworks",
				);
				MARKETING_VERSION = 1.0;
				PRODUCT_BUNDLE_IDENTIFIER = Shelly.FinalProject2312873;
				PRODUCT_NAME = "$(TARGET_NAME)";
				SWIFT_EMIT_LOC_STRINGS = YES;
				SWIFT_VERSION = 5.0;
				TARGETED_DEVICE_FAMILY = "1,2";
			};
			name = Release;
		};
/* End XCBuildConfiguration section */

/* Begin XCConfigurationList section */
		5D9238BF2BBC793800128A39 /* Build configuration list for PBXProject "FinalProject2312873" */ = {
			isa = XCConfigurationList;
			buildConfigurations = (
				5D9238D62BBC793F00128A39 /* Debug */,
				5D9238D72BBC793F00128A39 /* Release */,
			);
			defaultConfigurationIsVisible = 0;
			defaultConfigurationName = Release;
		};
		5D9238D82BBC793F00128A39 /* Build configuration list for PBXNativeTarget "FinalProject2312873" */ = {
			isa = XCConfigurationList;
			buildConfigurations = (
				5D9238D92BBC793F00128A39 /* Debug */,
				5D9238DA2BBC793F00128A39 /* Release */,
			);
			defaultConfigurationIsVisible = 0;
			defaultConfigurationName = Release;
		};
/* End XCConfigurationList section */

/* Begin XCRemoteSwiftPackageReference section */
		5D9239652BC5B5D800128A39 /* XCRemoteSwiftPackageReference "firebase-ios-sdk" */ = {
			isa = XCRemoteSwiftPackageReference;
			repositoryURL = "https://github.com/firebase/firebase-ios-sdk";
			requirement = {
				kind = upToNextMajorVersion;
				minimumVersion = 10.0.0;
			};
		};
/* End XCRemoteSwiftPackageReference section */

/* Begin XCSwiftPackageProductDependency section */
		5D9239672BC5B60F00128A39 /* FirebaseAuth */ = {
			isa = XCSwiftPackageProductDependency;
			package = 5D9239652BC5B5D800128A39 /* XCRemoteSwiftPackageReference "firebase-ios-sdk" */;
			productName = FirebaseAuth;
		};
		5D9239692BC5B61900128A39 /* FirebaseAnalytics */ = {
			isa = XCSwiftPackageProductDependency;
			package = 5D9239652BC5B5D800128A39 /* XCRemoteSwiftPackageReference "firebase-ios-sdk" */;
			productName = FirebaseAnalytics;
		};
		5D92396B2BC5B62300128A39 /* FirebaseStorage */ = {
			isa = XCSwiftPackageProductDependency;
			package = 5D9239652BC5B5D800128A39 /* XCRemoteSwiftPackageReference "firebase-ios-sdk" */;
			productName = FirebaseStorage;
		};
		5D92396D2BC5B63300128A39 /* FirebaseFirestore */ = {
			isa = XCSwiftPackageProductDependency;
			package = 5D9239652BC5B5D800128A39 /* XCRemoteSwiftPackageReference "firebase-ios-sdk" */;
			productName = FirebaseFirestore;
		};
/* End XCSwiftPackageProductDependency section */
	};
	rootObject = 5D9238BC2BBC793800128A39 /* Project object */;
}
